// !$*UTF8*$!
{
	archiveVersion = 1;
	classes = {
	};
	objectVersion = 56;
	objects = {

/* Begin PBXBuildFile section */
		5920565F2A893C720084E9B0 /* CreateCompanyViewControllerTests.swift in Sources */ = {isa = PBXBuildFile; fileRef = 5920565E2A893C720084E9B0 /* CreateCompanyViewControllerTests.swift */; };
		5958F6772A86FF8100CB9B17 /* Montserrat.ttf in Resources */ = {isa = PBXBuildFile; fileRef = 5958F6762A86FF8100CB9B17 /* Montserrat.ttf */; };
		5958F6802A871A9E00CB9B17 /* CreateCompanyWorker.swift in Sources */ = {isa = PBXBuildFile; fileRef = 5958F67A2A871A9D00CB9B17 /* CreateCompanyWorker.swift */; };
		5958F6812A871A9E00CB9B17 /* CreateCompanyRouter.swift in Sources */ = {isa = PBXBuildFile; fileRef = 5958F67B2A871A9D00CB9B17 /* CreateCompanyRouter.swift */; };
		5958F6822A871A9E00CB9B17 /* CreateCompanyModels.swift in Sources */ = {isa = PBXBuildFile; fileRef = 5958F67C2A871A9D00CB9B17 /* CreateCompanyModels.swift */; };
		5958F6832A871A9E00CB9B17 /* CreateCompanyViewController.swift in Sources */ = {isa = PBXBuildFile; fileRef = 5958F67D2A871A9D00CB9B17 /* CreateCompanyViewController.swift */; };
		5958F6842A871A9E00CB9B17 /* CreateCompanyInteractor.swift in Sources */ = {isa = PBXBuildFile; fileRef = 5958F67E2A871A9D00CB9B17 /* CreateCompanyInteractor.swift */; };
		596613F62A86CE27007FA251 /* AppDelegate.swift in Sources */ = {isa = PBXBuildFile; fileRef = 596613F52A86CE27007FA251 /* AppDelegate.swift */; };
		596613FF2A86CE28007FA251 /* Assets.xcassets in Resources */ = {isa = PBXBuildFile; fileRef = 596613FE2A86CE28007FA251 /* Assets.xcassets */; };
		596614022A86CE28007FA251 /* LaunchScreen.storyboard in Resources */ = {isa = PBXBuildFile; fileRef = 596614002A86CE28007FA251 /* LaunchScreen.storyboard */; };
		5966140D2A86CE29007FA251 /* CreateProfileViewControllerTests.swift in Sources */ = {isa = PBXBuildFile; fileRef = 5966140C2A86CE29007FA251 /* CreateProfileViewControllerTests.swift */; };
		5966142F2A86D281007FA251 /* CreateNameWorker.swift in Sources */ = {isa = PBXBuildFile; fileRef = 596614292A86D281007FA251 /* CreateNameWorker.swift */; };
		596614302A86D281007FA251 /* CreateNameRouter.swift in Sources */ = {isa = PBXBuildFile; fileRef = 5966142A2A86D281007FA251 /* CreateNameRouter.swift */; };
		596614312A86D281007FA251 /* CreateNameModels.swift in Sources */ = {isa = PBXBuildFile; fileRef = 5966142B2A86D281007FA251 /* CreateNameModels.swift */; };
		596614322A86D281007FA251 /* CreateNameViewController.swift in Sources */ = {isa = PBXBuildFile; fileRef = 5966142C2A86D281007FA251 /* CreateNameViewController.swift */; };
		596614332A86D281007FA251 /* CreateNameInteractor.swift in Sources */ = {isa = PBXBuildFile; fileRef = 5966142D2A86D281007FA251 /* CreateNameInteractor.swift */; };
		597942E32A8A4C6E00F7DD93 /* ProContact.swift in Sources */ = {isa = PBXBuildFile; fileRef = 597942E22A8A4C6E00F7DD93 /* ProContact.swift */; };
		597942E52A8A528800F7DD93 /* ProContactWorker.swift in Sources */ = {isa = PBXBuildFile; fileRef = 597942E42A8A528800F7DD93 /* ProContactWorker.swift */; };
		597942ED2A8AB6AA00F7DD93 /* AddProfileImagePresenter.swift in Sources */ = {isa = PBXBuildFile; fileRef = 597942E72A8AB6AA00F7DD93 /* AddProfileImagePresenter.swift */; };
		597942EE2A8AB6AA00F7DD93 /* AddProfileImageWorker.swift in Sources */ = {isa = PBXBuildFile; fileRef = 597942E82A8AB6AA00F7DD93 /* AddProfileImageWorker.swift */; };
		597942EF2A8AB6AA00F7DD93 /* AddProfileImageRouter.swift in Sources */ = {isa = PBXBuildFile; fileRef = 597942E92A8AB6AA00F7DD93 /* AddProfileImageRouter.swift */; };
		597942F02A8AB6AA00F7DD93 /* AddProfileImageModels.swift in Sources */ = {isa = PBXBuildFile; fileRef = 597942EA2A8AB6AA00F7DD93 /* AddProfileImageModels.swift */; };
		597942F12A8AB6AA00F7DD93 /* AddProfileImageViewController.swift in Sources */ = {isa = PBXBuildFile; fileRef = 597942EB2A8AB6AA00F7DD93 /* AddProfileImageViewController.swift */; };
		597942F22A8AB6AA00F7DD93 /* AddProfileImageInteractor.swift in Sources */ = {isa = PBXBuildFile; fileRef = 597942EC2A8AB6AA00F7DD93 /* AddProfileImageInteractor.swift */; };
		5995EAE62A8D1E8000575E0D /* CreateProfileMailPresenter.swift in Sources */ = {isa = PBXBuildFile; fileRef = 5995EAE02A8D1E8000575E0D /* CreateProfileMailPresenter.swift */; };
		5995EAE72A8D1E8000575E0D /* CreateProfileMailWorker.swift in Sources */ = {isa = PBXBuildFile; fileRef = 5995EAE12A8D1E8000575E0D /* CreateProfileMailWorker.swift */; };
		5995EAE82A8D1E8000575E0D /* CreateProfileMailRouter.swift in Sources */ = {isa = PBXBuildFile; fileRef = 5995EAE22A8D1E8000575E0D /* CreateProfileMailRouter.swift */; };
		5995EAE92A8D1E8000575E0D /* CreateProfileMailModels.swift in Sources */ = {isa = PBXBuildFile; fileRef = 5995EAE32A8D1E8000575E0D /* CreateProfileMailModels.swift */; };
		5995EAEA2A8D1E8000575E0D /* CreateProfileMailViewController.swift in Sources */ = {isa = PBXBuildFile; fileRef = 5995EAE42A8D1E8000575E0D /* CreateProfileMailViewController.swift */; };
		5995EAEB2A8D1E8000575E0D /* CreateProfileMailInteractor.swift in Sources */ = {isa = PBXBuildFile; fileRef = 5995EAE52A8D1E8000575E0D /* CreateProfileMailInteractor.swift */; };
/* End PBXBuildFile section */

/* Begin PBXContainerItemProxy section */
		596614092A86CE29007FA251 /* PBXContainerItemProxy */ = {
			isa = PBXContainerItemProxy;
			containerPortal = 596613EA2A86CE27007FA251 /* Project object */;
			proxyType = 1;
			remoteGlobalIDString = 596613F12A86CE27007FA251;
			remoteInfo = "OC12-CleanNetworkBox";
		};
/* End PBXContainerItemProxy section */

/* Begin PBXFileReference section */
		5920565E2A893C720084E9B0 /* CreateCompanyViewControllerTests.swift */ = {isa = PBXFileReference; lastKnownFileType = sourcecode.swift; path = CreateCompanyViewControllerTests.swift; sourceTree = "<group>"; };
		5958F6752A86F6A500CB9B17 /* OC12-CleanNetworkBox.xctestplan */ = {isa = PBXFileReference; lastKnownFileType = text; path = "OC12-CleanNetworkBox.xctestplan"; sourceTree = "<group>"; };
		5958F6762A86FF8100CB9B17 /* Montserrat.ttf */ = {isa = PBXFileReference; lastKnownFileType = file; path = Montserrat.ttf; sourceTree = SOURCE_ROOT; };
		5958F67A2A871A9D00CB9B17 /* CreateCompanyWorker.swift */ = {isa = PBXFileReference; lastKnownFileType = sourcecode.swift; path = CreateCompanyWorker.swift; sourceTree = "<group>"; };
		5958F67B2A871A9D00CB9B17 /* CreateCompanyRouter.swift */ = {isa = PBXFileReference; lastKnownFileType = sourcecode.swift; path = CreateCompanyRouter.swift; sourceTree = "<group>"; };
		5958F67C2A871A9D00CB9B17 /* CreateCompanyModels.swift */ = {isa = PBXFileReference; lastKnownFileType = sourcecode.swift; path = CreateCompanyModels.swift; sourceTree = "<group>"; };
		5958F67D2A871A9D00CB9B17 /* CreateCompanyViewController.swift */ = {isa = PBXFileReference; lastKnownFileType = sourcecode.swift; path = CreateCompanyViewController.swift; sourceTree = "<group>"; };
		5958F67E2A871A9D00CB9B17 /* CreateCompanyInteractor.swift */ = {isa = PBXFileReference; lastKnownFileType = sourcecode.swift; path = CreateCompanyInteractor.swift; sourceTree = "<group>"; };
		596613F22A86CE27007FA251 /* OC12-CleanNetworkBox.app */ = {isa = PBXFileReference; explicitFileType = wrapper.application; includeInIndex = 0; path = "OC12-CleanNetworkBox.app"; sourceTree = BUILT_PRODUCTS_DIR; };
		596613F52A86CE27007FA251 /* AppDelegate.swift */ = {isa = PBXFileReference; lastKnownFileType = sourcecode.swift; path = AppDelegate.swift; sourceTree = "<group>"; };
		596613FE2A86CE28007FA251 /* Assets.xcassets */ = {isa = PBXFileReference; lastKnownFileType = folder.assetcatalog; path = Assets.xcassets; sourceTree = "<group>"; };
		596614012A86CE28007FA251 /* Base */ = {isa = PBXFileReference; lastKnownFileType = file.storyboard; name = Base; path = Base.lproj/LaunchScreen.storyboard; sourceTree = "<group>"; };
		596614032A86CE28007FA251 /* Info.plist */ = {isa = PBXFileReference; lastKnownFileType = text.plist.xml; path = Info.plist; sourceTree = "<group>"; };
		596614082A86CE29007FA251 /* OC12-CleanNetworkBoxTests.xctest */ = {isa = PBXFileReference; explicitFileType = wrapper.cfbundle; includeInIndex = 0; path = "OC12-CleanNetworkBoxTests.xctest"; sourceTree = BUILT_PRODUCTS_DIR; };
		5966140C2A86CE29007FA251 /* CreateProfileViewControllerTests.swift */ = {isa = PBXFileReference; lastKnownFileType = sourcecode.swift; path = CreateProfileViewControllerTests.swift; sourceTree = "<group>"; };
		596614292A86D281007FA251 /* CreateNameWorker.swift */ = {isa = PBXFileReference; lastKnownFileType = sourcecode.swift; path = CreateNameWorker.swift; sourceTree = "<group>"; };
		5966142A2A86D281007FA251 /* CreateNameRouter.swift */ = {isa = PBXFileReference; lastKnownFileType = sourcecode.swift; path = CreateNameRouter.swift; sourceTree = "<group>"; };
		5966142B2A86D281007FA251 /* CreateNameModels.swift */ = {isa = PBXFileReference; lastKnownFileType = sourcecode.swift; path = CreateNameModels.swift; sourceTree = "<group>"; };
		5966142C2A86D281007FA251 /* CreateNameViewController.swift */ = {isa = PBXFileReference; lastKnownFileType = sourcecode.swift; path = CreateNameViewController.swift; sourceTree = "<group>"; };
		5966142D2A86D281007FA251 /* CreateNameInteractor.swift */ = {isa = PBXFileReference; lastKnownFileType = sourcecode.swift; path = CreateNameInteractor.swift; sourceTree = "<group>"; };
		597942E22A8A4C6E00F7DD93 /* ProContact.swift */ = {isa = PBXFileReference; lastKnownFileType = sourcecode.swift; path = ProContact.swift; sourceTree = "<group>"; };
		597942E42A8A528800F7DD93 /* ProContactWorker.swift */ = {isa = PBXFileReference; lastKnownFileType = sourcecode.swift; path = ProContactWorker.swift; sourceTree = "<group>"; };
		597942E72A8AB6AA00F7DD93 /* AddProfileImagePresenter.swift */ = {isa = PBXFileReference; lastKnownFileType = sourcecode.swift; path = AddProfileImagePresenter.swift; sourceTree = "<group>"; };
		597942E82A8AB6AA00F7DD93 /* AddProfileImageWorker.swift */ = {isa = PBXFileReference; lastKnownFileType = sourcecode.swift; path = AddProfileImageWorker.swift; sourceTree = "<group>"; };
		597942E92A8AB6AA00F7DD93 /* AddProfileImageRouter.swift */ = {isa = PBXFileReference; lastKnownFileType = sourcecode.swift; path = AddProfileImageRouter.swift; sourceTree = "<group>"; };
		597942EA2A8AB6AA00F7DD93 /* AddProfileImageModels.swift */ = {isa = PBXFileReference; lastKnownFileType = sourcecode.swift; path = AddProfileImageModels.swift; sourceTree = "<group>"; };
		597942EB2A8AB6AA00F7DD93 /* AddProfileImageViewController.swift */ = {isa = PBXFileReference; lastKnownFileType = sourcecode.swift; path = AddProfileImageViewController.swift; sourceTree = "<group>"; };
		597942EC2A8AB6AA00F7DD93 /* AddProfileImageInteractor.swift */ = {isa = PBXFileReference; lastKnownFileType = sourcecode.swift; path = AddProfileImageInteractor.swift; sourceTree = "<group>"; };
		5995EAE02A8D1E8000575E0D /* CreateProfileMailPresenter.swift */ = {isa = PBXFileReference; lastKnownFileType = sourcecode.swift; path = CreateProfileMailPresenter.swift; sourceTree = "<group>"; };
		5995EAE12A8D1E8000575E0D /* CreateProfileMailWorker.swift */ = {isa = PBXFileReference; lastKnownFileType = sourcecode.swift; path = CreateProfileMailWorker.swift; sourceTree = "<group>"; };
		5995EAE22A8D1E8000575E0D /* CreateProfileMailRouter.swift */ = {isa = PBXFileReference; lastKnownFileType = sourcecode.swift; path = CreateProfileMailRouter.swift; sourceTree = "<group>"; };
		5995EAE32A8D1E8000575E0D /* CreateProfileMailModels.swift */ = {isa = PBXFileReference; lastKnownFileType = sourcecode.swift; path = CreateProfileMailModels.swift; sourceTree = "<group>"; };
		5995EAE42A8D1E8000575E0D /* CreateProfileMailViewController.swift */ = {isa = PBXFileReference; lastKnownFileType = sourcecode.swift; path = CreateProfileMailViewController.swift; sourceTree = "<group>"; };
		5995EAE52A8D1E8000575E0D /* CreateProfileMailInteractor.swift */ = {isa = PBXFileReference; lastKnownFileType = sourcecode.swift; path = CreateProfileMailInteractor.swift; sourceTree = "<group>"; };
/* End PBXFileReference section */

/* Begin PBXFrameworksBuildPhase section */
		596613EF2A86CE27007FA251 /* Frameworks */ = {
			isa = PBXFrameworksBuildPhase;
			buildActionMask = 2147483647;
			files = (
			);
			runOnlyForDeploymentPostprocessing = 0;
		};
		596614052A86CE29007FA251 /* Frameworks */ = {
			isa = PBXFrameworksBuildPhase;
			buildActionMask = 2147483647;
			files = (
			);
			runOnlyForDeploymentPostprocessing = 0;
		};
/* End PBXFrameworksBuildPhase section */

/* Begin PBXGroup section */
		5920565D2A8932920084E9B0 /* CreateCompany */ = {
			isa = PBXGroup;
			children = (
				5920565E2A893C720084E9B0 /* CreateCompanyViewControllerTests.swift */,
			);
			path = CreateCompany;
			sourceTree = "<group>";
		};
		592056602A89ED030084E9B0 /* Workers */ = {
			isa = PBXGroup;
			children = (
				597942E42A8A528800F7DD93 /* ProContactWorker.swift */,
			);
			path = Workers;
			sourceTree = "<group>";
		};
		5958F6782A871A6200CB9B17 /* CreateCompany */ = {
			isa = PBXGroup;
			children = (
				5958F67D2A871A9D00CB9B17 /* CreateCompanyViewController.swift */,
				5958F67E2A871A9D00CB9B17 /* CreateCompanyInteractor.swift */,
				5958F67B2A871A9D00CB9B17 /* CreateCompanyRouter.swift */,
				5958F67C2A871A9D00CB9B17 /* CreateCompanyModels.swift */,
				5958F67A2A871A9D00CB9B17 /* CreateCompanyWorker.swift */,
			);
			path = CreateCompany;
			sourceTree = "<group>";
		};
		596613E92A86CE27007FA251 = {
			isa = PBXGroup;
			children = (
				5958F6752A86F6A500CB9B17 /* OC12-CleanNetworkBox.xctestplan */,
				596613F42A86CE27007FA251 /* OC12-CleanNetworkBox */,
				5966140B2A86CE29007FA251 /* OC12-CleanNetworkBoxTests */,
				596613F32A86CE27007FA251 /* Products */,
			);
			sourceTree = "<group>";
		};
		596613F32A86CE27007FA251 /* Products */ = {
			isa = PBXGroup;
			children = (
				596613F22A86CE27007FA251 /* OC12-CleanNetworkBox.app */,
				596614082A86CE29007FA251 /* OC12-CleanNetworkBoxTests.xctest */,
			);
			name = Products;
			sourceTree = "<group>";
		};
		596613F42A86CE27007FA251 /* OC12-CleanNetworkBox */ = {
			isa = PBXGroup;
			children = (
				596613F52A86CE27007FA251 /* AppDelegate.swift */,
				597942E12A8A4C5B00F7DD93 /* Models */,
				592056602A89ED030084E9B0 /* Workers */,
				596614262A86CF6D007FA251 /* Scenes */,
				596613FE2A86CE28007FA251 /* Assets.xcassets */,
				596614002A86CE28007FA251 /* LaunchScreen.storyboard */,
				5958F6762A86FF8100CB9B17 /* Montserrat.ttf */,
				596614032A86CE28007FA251 /* Info.plist */,
			);
			path = "OC12-CleanNetworkBox";
			sourceTree = "<group>";
		};
		5966140B2A86CE29007FA251 /* OC12-CleanNetworkBoxTests */ = {
			isa = PBXGroup;
			children = (
				596614342A86F03B007FA251 /* Scenes */,
			);
			path = "OC12-CleanNetworkBoxTests";
			sourceTree = "<group>";
		};
		596614262A86CF6D007FA251 /* Scenes */ = {
			isa = PBXGroup;
			children = (
				596614272A86CF92007FA251 /* CreateProfile */,
				5958F6782A871A6200CB9B17 /* CreateCompany */,
				597942E62A8AB5A000F7DD93 /* AddProfileImage */,
				5995EADF2A8D1E4500575E0D /* CreateProfileMail */,
			);
			path = Scenes;
			sourceTree = "<group>";
		};
		596614272A86CF92007FA251 /* CreateProfile */ = {
			isa = PBXGroup;
			children = (
				5966142C2A86D281007FA251 /* CreateNameViewController.swift */,
				5966142D2A86D281007FA251 /* CreateNameInteractor.swift */,
				5966142A2A86D281007FA251 /* CreateNameRouter.swift */,
				5966142B2A86D281007FA251 /* CreateNameModels.swift */,
				596614292A86D281007FA251 /* CreateNameWorker.swift */,
			);
			path = CreateProfile;
			sourceTree = "<group>";
		};
		596614342A86F03B007FA251 /* Scenes */ = {
			isa = PBXGroup;
			children = (
				596614352A86F042007FA251 /* CreateName */,
				5920565D2A8932920084E9B0 /* CreateCompany */,
			);
			path = Scenes;
			sourceTree = "<group>";
		};
		596614352A86F042007FA251 /* CreateName */ = {
			isa = PBXGroup;
			children = (
				5966140C2A86CE29007FA251 /* CreateProfileViewControllerTests.swift */,
			);
			path = CreateName;
			sourceTree = "<group>";
		};
		597942E12A8A4C5B00F7DD93 /* Models */ = {
			isa = PBXGroup;
			children = (
				597942E22A8A4C6E00F7DD93 /* ProContact.swift */,
			);
			path = Models;
			sourceTree = "<group>";
		};
		597942E62A8AB5A000F7DD93 /* AddProfileImage */ = {
			isa = PBXGroup;
			children = (
				597942EB2A8AB6AA00F7DD93 /* AddProfileImageViewController.swift */,
				597942EC2A8AB6AA00F7DD93 /* AddProfileImageInteractor.swift */,
				597942E72A8AB6AA00F7DD93 /* AddProfileImagePresenter.swift */,
				597942E82A8AB6AA00F7DD93 /* AddProfileImageWorker.swift */,
				597942E92A8AB6AA00F7DD93 /* AddProfileImageRouter.swift */,
				597942EA2A8AB6AA00F7DD93 /* AddProfileImageModels.swift */,
			);
			path = AddProfileImage;
			sourceTree = "<group>";
		};
		5995EADF2A8D1E4500575E0D /* CreateProfileMail */ = {
			isa = PBXGroup;
			children = (
				5995EAE42A8D1E8000575E0D /* CreateProfileMailViewController.swift */,
				5995EAE02A8D1E8000575E0D /* CreateProfileMailPresenter.swift */,
				5995EAE12A8D1E8000575E0D /* CreateProfileMailWorker.swift */,
				5995EAE22A8D1E8000575E0D /* CreateProfileMailRouter.swift */,
				5995EAE32A8D1E8000575E0D /* CreateProfileMailModels.swift */,
				5995EAE52A8D1E8000575E0D /* CreateProfileMailInteractor.swift */,
			);
			path = CreateProfileMail;
			sourceTree = "<group>";
		};
/* End PBXGroup section */

/* Begin PBXNativeTarget section */
		596613F12A86CE27007FA251 /* OC12-CleanNetworkBox */ = {
			isa = PBXNativeTarget;
			buildConfigurationList = 5966141C2A86CE29007FA251 /* Build configuration list for PBXNativeTarget "OC12-CleanNetworkBox" */;
			buildPhases = (
				596613EE2A86CE27007FA251 /* Sources */,
				596613EF2A86CE27007FA251 /* Frameworks */,
				596613F02A86CE27007FA251 /* Resources */,
			);
			buildRules = (
			);
			dependencies = (
			);
			name = "OC12-CleanNetworkBox";
			productName = "OC12-CleanNetworkBox";
			productReference = 596613F22A86CE27007FA251 /* OC12-CleanNetworkBox.app */;
			productType = "com.apple.product-type.application";
		};
		596614072A86CE29007FA251 /* OC12-CleanNetworkBoxTests */ = {
			isa = PBXNativeTarget;
			buildConfigurationList = 5966141F2A86CE29007FA251 /* Build configuration list for PBXNativeTarget "OC12-CleanNetworkBoxTests" */;
			buildPhases = (
				596614042A86CE29007FA251 /* Sources */,
				596614052A86CE29007FA251 /* Frameworks */,
				596614062A86CE29007FA251 /* Resources */,
			);
			buildRules = (
			);
			dependencies = (
				5966140A2A86CE29007FA251 /* PBXTargetDependency */,
			);
			name = "OC12-CleanNetworkBoxTests";
			productName = "OC12-CleanNetworkBoxTests";
			productReference = 596614082A86CE29007FA251 /* OC12-CleanNetworkBoxTests.xctest */;
			productType = "com.apple.product-type.bundle.unit-test";
		};
/* End PBXNativeTarget section */

/* Begin PBXProject section */
		596613EA2A86CE27007FA251 /* Project object */ = {
			isa = PBXProject;
			attributes = {
				BuildIndependentTargetsInParallel = 1;
				LastSwiftUpdateCheck = 1430;
				LastUpgradeCheck = 1430;
				TargetAttributes = {
					596613F12A86CE27007FA251 = {
						CreatedOnToolsVersion = 14.3.1;
					};
					596614072A86CE29007FA251 = {
						CreatedOnToolsVersion = 14.3.1;
						TestTargetID = 596613F12A86CE27007FA251;
					};
				};
			};
			buildConfigurationList = 596613ED2A86CE27007FA251 /* Build configuration list for PBXProject "OC12-CleanNetworkBox" */;
			compatibilityVersion = "Xcode 14.0";
			developmentRegion = en;
			hasScannedForEncodings = 0;
			knownRegions = (
				en,
				Base,
			);
			mainGroup = 596613E92A86CE27007FA251;
			productRefGroup = 596613F32A86CE27007FA251 /* Products */;
			projectDirPath = "";
			projectRoot = "";
			targets = (
				596613F12A86CE27007FA251 /* OC12-CleanNetworkBox */,
				596614072A86CE29007FA251 /* OC12-CleanNetworkBoxTests */,
			);
		};
/* End PBXProject section */

/* Begin PBXResourcesBuildPhase section */
		596613F02A86CE27007FA251 /* Resources */ = {
			isa = PBXResourcesBuildPhase;
			buildActionMask = 2147483647;
			files = (
				5958F6772A86FF8100CB9B17 /* Montserrat.ttf in Resources */,
				596614022A86CE28007FA251 /* LaunchScreen.storyboard in Resources */,
				596613FF2A86CE28007FA251 /* Assets.xcassets in Resources */,
			);
			runOnlyForDeploymentPostprocessing = 0;
		};
		596614062A86CE29007FA251 /* Resources */ = {
			isa = PBXResourcesBuildPhase;
			buildActionMask = 2147483647;
			files = (
			);
			runOnlyForDeploymentPostprocessing = 0;
		};
/* End PBXResourcesBuildPhase section */

/* Begin PBXSourcesBuildPhase section */
		596613EE2A86CE27007FA251 /* Sources */ = {
			isa = PBXSourcesBuildPhase;
			buildActionMask = 2147483647;
			files = (
				596614332A86D281007FA251 /* CreateNameInteractor.swift in Sources */,
				596614312A86D281007FA251 /* CreateNameModels.swift in Sources */,
				5958F6822A871A9E00CB9B17 /* CreateCompanyModels.swift in Sources */,
				596613F62A86CE27007FA251 /* AppDelegate.swift in Sources */,
				597942EF2A8AB6AA00F7DD93 /* AddProfileImageRouter.swift in Sources */,
				5958F6812A871A9E00CB9B17 /* CreateCompanyRouter.swift in Sources */,
				5958F6832A871A9E00CB9B17 /* CreateCompanyViewController.swift in Sources */,
				5995EAE72A8D1E8000575E0D /* CreateProfileMailWorker.swift in Sources */,
				5995EAEB2A8D1E8000575E0D /* CreateProfileMailInteractor.swift in Sources */,
				597942ED2A8AB6AA00F7DD93 /* AddProfileImagePresenter.swift in Sources */,
				5995EAE82A8D1E8000575E0D /* CreateProfileMailRouter.swift in Sources */,
				5995EAE92A8D1E8000575E0D /* CreateProfileMailModels.swift in Sources */,
				596614302A86D281007FA251 /* CreateNameRouter.swift in Sources */,
				597942E52A8A528800F7DD93 /* ProContactWorker.swift in Sources */,
				597942F12A8AB6AA00F7DD93 /* AddProfileImageViewController.swift in Sources */,
				597942F22A8AB6AA00F7DD93 /* AddProfileImageInteractor.swift in Sources */,
				5995EAEA2A8D1E8000575E0D /* CreateProfileMailViewController.swift in Sources */,
				5966142F2A86D281007FA251 /* CreateNameWorker.swift in Sources */,
				597942E32A8A4C6E00F7DD93 /* ProContact.swift in Sources */,
				5995EAE62A8D1E8000575E0D /* CreateProfileMailPresenter.swift in Sources */,
				597942EE2A8AB6AA00F7DD93 /* AddProfileImageWorker.swift in Sources */,
				596614322A86D281007FA251 /* CreateNameViewController.swift in Sources */,
				5958F6802A871A9E00CB9B17 /* CreateCompanyWorker.swift in Sources */,
				597942F02A8AB6AA00F7DD93 /* AddProfileImageModels.swift in Sources */,
				5958F6842A871A9E00CB9B17 /* CreateCompanyInteractor.swift in Sources */,
			);
			runOnlyForDeploymentPostprocessing = 0;
		};
		596614042A86CE29007FA251 /* Sources */ = {
			isa = PBXSourcesBuildPhase;
			buildActionMask = 2147483647;
			files = (
				5920565F2A893C720084E9B0 /* CreateCompanyViewControllerTests.swift in Sources */,
				5966140D2A86CE29007FA251 /* CreateProfileViewControllerTests.swift in Sources */,
			);
			runOnlyForDeploymentPostprocessing = 0;
		};
/* End PBXSourcesBuildPhase section */

/* Begin PBXTargetDependency section */
		5966140A2A86CE29007FA251 /* PBXTargetDependency */ = {
			isa = PBXTargetDependency;
			target = 596613F12A86CE27007FA251 /* OC12-CleanNetworkBox */;
			targetProxy = 596614092A86CE29007FA251 /* PBXContainerItemProxy */;
		};
/* End PBXTargetDependency section */

/* Begin PBXVariantGroup section */
		596614002A86CE28007FA251 /* LaunchScreen.storyboard */ = {
			isa = PBXVariantGroup;
			children = (
				596614012A86CE28007FA251 /* Base */,
			);
			name = LaunchScreen.storyboard;
			sourceTree = "<group>";
		};
/* End PBXVariantGroup section */

/* Begin XCBuildConfiguration section */
		5966141A2A86CE29007FA251 /* Debug */ = {
			isa = XCBuildConfiguration;
			buildSettings = {
				ALWAYS_SEARCH_USER_PATHS = NO;
				CLANG_ANALYZER_NONNULL = YES;
				CLANG_ANALYZER_NUMBER_OBJECT_CONVERSION = YES_AGGRESSIVE;
				CLANG_CXX_LANGUAGE_STANDARD = "gnu++20";
				CLANG_ENABLE_MODULES = YES;
				CLANG_ENABLE_OBJC_ARC = YES;
				CLANG_ENABLE_OBJC_WEAK = YES;
				CLANG_WARN_BLOCK_CAPTURE_AUTORELEASING = YES;
				CLANG_WARN_BOOL_CONVERSION = YES;
				CLANG_WARN_COMMA = YES;
				CLANG_WARN_CONSTANT_CONVERSION = YES;
				CLANG_WARN_DEPRECATED_OBJC_IMPLEMENTATIONS = YES;
				CLANG_WARN_DIRECT_OBJC_ISA_USAGE = YES_ERROR;
				CLANG_WARN_DOCUMENTATION_COMMENTS = YES;
				CLANG_WARN_EMPTY_BODY = YES;
				CLANG_WARN_ENUM_CONVERSION = YES;
				CLANG_WARN_INFINITE_RECURSION = YES;
				CLANG_WARN_INT_CONVERSION = YES;
				CLANG_WARN_NON_LITERAL_NULL_CONVERSION = YES;
				CLANG_WARN_OBJC_IMPLICIT_RETAIN_SELF = YES;
				CLANG_WARN_OBJC_LITERAL_CONVERSION = YES;
				CLANG_WARN_OBJC_ROOT_CLASS = YES_ERROR;
				CLANG_WARN_QUOTED_INCLUDE_IN_FRAMEWORK_HEADER = YES;
				CLANG_WARN_RANGE_LOOP_ANALYSIS = YES;
				CLANG_WARN_STRICT_PROTOTYPES = YES;
				CLANG_WARN_SUSPICIOUS_MOVE = YES;
				CLANG_WARN_UNGUARDED_AVAILABILITY = YES_AGGRESSIVE;
				CLANG_WARN_UNREACHABLE_CODE = YES;
				CLANG_WARN__DUPLICATE_METHOD_MATCH = YES;
				COPY_PHASE_STRIP = NO;
				DEBUG_INFORMATION_FORMAT = dwarf;
				ENABLE_STRICT_OBJC_MSGSEND = YES;
				ENABLE_TESTABILITY = YES;
				GCC_C_LANGUAGE_STANDARD = gnu11;
				GCC_DYNAMIC_NO_PIC = NO;
				GCC_NO_COMMON_BLOCKS = YES;
				GCC_OPTIMIZATION_LEVEL = 0;
				GCC_PREPROCESSOR_DEFINITIONS = (
					"DEBUG=1",
					"$(inherited)",
				);
				GCC_WARN_64_TO_32_BIT_CONVERSION = YES;
				GCC_WARN_ABOUT_RETURN_TYPE = YES_ERROR;
				GCC_WARN_UNDECLARED_SELECTOR = YES;
				GCC_WARN_UNINITIALIZED_AUTOS = YES_AGGRESSIVE;
				GCC_WARN_UNUSED_FUNCTION = YES;
				GCC_WARN_UNUSED_VARIABLE = YES;
				IPHONEOS_DEPLOYMENT_TARGET = 16.4;
				MTL_ENABLE_DEBUG_INFO = INCLUDE_SOURCE;
				MTL_FAST_MATH = YES;
				ONLY_ACTIVE_ARCH = YES;
				SDKROOT = iphoneos;
				SWIFT_ACTIVE_COMPILATION_CONDITIONS = DEBUG;
				SWIFT_OPTIMIZATION_LEVEL = "-Onone";
			};
			name = Debug;
		};
		5966141B2A86CE29007FA251 /* Release */ = {
			isa = XCBuildConfiguration;
			buildSettings = {
				ALWAYS_SEARCH_USER_PATHS = NO;
				CLANG_ANALYZER_NONNULL = YES;
				CLANG_ANALYZER_NUMBER_OBJECT_CONVERSION = YES_AGGRESSIVE;
				CLANG_CXX_LANGUAGE_STANDARD = "gnu++20";
				CLANG_ENABLE_MODULES = YES;
				CLANG_ENABLE_OBJC_ARC = YES;
				CLANG_ENABLE_OBJC_WEAK = YES;
				CLANG_WARN_BLOCK_CAPTURE_AUTORELEASING = YES;
				CLANG_WARN_BOOL_CONVERSION = YES;
				CLANG_WARN_COMMA = YES;
				CLANG_WARN_CONSTANT_CONVERSION = YES;
				CLANG_WARN_DEPRECATED_OBJC_IMPLEMENTATIONS = YES;
				CLANG_WARN_DIRECT_OBJC_ISA_USAGE = YES_ERROR;
				CLANG_WARN_DOCUMENTATION_COMMENTS = YES;
				CLANG_WARN_EMPTY_BODY = YES;
				CLANG_WARN_ENUM_CONVERSION = YES;
				CLANG_WARN_INFINITE_RECURSION = YES;
				CLANG_WARN_INT_CONVERSION = YES;
				CLANG_WARN_NON_LITERAL_NULL_CONVERSION = YES;
				CLANG_WARN_OBJC_IMPLICIT_RETAIN_SELF = YES;
				CLANG_WARN_OBJC_LITERAL_CONVERSION = YES;
				CLANG_WARN_OBJC_ROOT_CLASS = YES_ERROR;
				CLANG_WARN_QUOTED_INCLUDE_IN_FRAMEWORK_HEADER = YES;
				CLANG_WARN_RANGE_LOOP_ANALYSIS = YES;
				CLANG_WARN_STRICT_PROTOTYPES = YES;
				CLANG_WARN_SUSPICIOUS_MOVE = YES;
				CLANG_WARN_UNGUARDED_AVAILABILITY = YES_AGGRESSIVE;
				CLANG_WARN_UNREACHABLE_CODE = YES;
				CLANG_WARN__DUPLICATE_METHOD_MATCH = YES;
				COPY_PHASE_STRIP = NO;
				DEBUG_INFORMATION_FORMAT = "dwarf-with-dsym";
				ENABLE_NS_ASSERTIONS = NO;
				ENABLE_STRICT_OBJC_MSGSEND = YES;
				GCC_C_LANGUAGE_STANDARD = gnu11;
				GCC_NO_COMMON_BLOCKS = YES;
				GCC_WARN_64_TO_32_BIT_CONVERSION = YES;
				GCC_WARN_ABOUT_RETURN_TYPE = YES_ERROR;
				GCC_WARN_UNDECLARED_SELECTOR = YES;
				GCC_WARN_UNINITIALIZED_AUTOS = YES_AGGRESSIVE;
				GCC_WARN_UNUSED_FUNCTION = YES;
				GCC_WARN_UNUSED_VARIABLE = YES;
				IPHONEOS_DEPLOYMENT_TARGET = 16.4;
				MTL_ENABLE_DEBUG_INFO = NO;
				MTL_FAST_MATH = YES;
				SDKROOT = iphoneos;
				SWIFT_COMPILATION_MODE = wholemodule;
				SWIFT_OPTIMIZATION_LEVEL = "-O";
				VALIDATE_PRODUCT = YES;
			};
			name = Release;
		};
		5966141D2A86CE29007FA251 /* Debug */ = {
			isa = XCBuildConfiguration;
			buildSettings = {
				ASSETCATALOG_COMPILER_APPICON_NAME = AppIcon;
				ASSETCATALOG_COMPILER_GLOBAL_ACCENT_COLOR_NAME = AccentColor;
				CODE_SIGN_STYLE = Automatic;
				CURRENT_PROJECT_VERSION = 1;
				DEVELOPMENT_TEAM = S25TANK5XP;
				GENERATE_INFOPLIST_FILE = YES;
				INFOPLIST_FILE = "OC12-CleanNetworkBox/Info.plist";
				INFOPLIST_KEY_UIApplicationSupportsIndirectInputEvents = YES;
				INFOPLIST_KEY_UILaunchStoryboardName = LaunchScreen;
				INFOPLIST_KEY_UISupportedInterfaceOrientations = UIInterfaceOrientationPortrait;
				INFOPLIST_KEY_UISupportedInterfaceOrientations_iPad = "UIInterfaceOrientationLandscapeLeft UIInterfaceOrientationLandscapeRight UIInterfaceOrientationPortrait UIInterfaceOrientationPortraitUpsideDown";
				LD_RUNPATH_SEARCH_PATHS = (
					"$(inherited)",
					"@executable_path/Frameworks",
				);
				MARKETING_VERSION = 1.0;
				PRODUCT_BUNDLE_IDENTIFIER = "adpiscinam.OC12-CleanNetworkBox";
				PRODUCT_NAME = "$(TARGET_NAME)";
				SUPPORTED_PLATFORMS = "iphoneos iphonesimulator";
				SUPPORTS_MACCATALYST = NO;
				SUPPORTS_MAC_DESIGNED_FOR_IPHONE_IPAD = NO;
				SWIFT_EMIT_LOC_STRINGS = YES;
				SWIFT_VERSION = 5.0;
				TARGETED_DEVICE_FAMILY = 1;
			};
			name = Debug;
		};
		5966141E2A86CE29007FA251 /* Release */ = {
			isa = XCBuildConfiguration;
			buildSettings = {
				ASSETCATALOG_COMPILER_APPICON_NAME = AppIcon;
				ASSETCATALOG_COMPILER_GLOBAL_ACCENT_COLOR_NAME = AccentColor;
				CODE_SIGN_STYLE = Automatic;
				CURRENT_PROJECT_VERSION = 1;
				DEVELOPMENT_TEAM = S25TANK5XP;
				GENERATE_INFOPLIST_FILE = YES;
				INFOPLIST_FILE = "OC12-CleanNetworkBox/Info.plist";
				INFOPLIST_KEY_UIApplicationSupportsIndirectInputEvents = YES;
				INFOPLIST_KEY_UILaunchStoryboardName = LaunchScreen;
				INFOPLIST_KEY_UISupportedInterfaceOrientations = UIInterfaceOrientationPortrait;
				INFOPLIST_KEY_UISupportedInterfaceOrientations_iPad = "UIInterfaceOrientationLandscapeLeft UIInterfaceOrientationLandscapeRight UIInterfaceOrientationPortrait UIInterfaceOrientationPortraitUpsideDown";
				LD_RUNPATH_SEARCH_PATHS = (
					"$(inherited)",
					"@executable_path/Frameworks",
				);
				MARKETING_VERSION = 1.0;
				PRODUCT_BUNDLE_IDENTIFIER = "adpiscinam.OC12-CleanNetworkBox";
				PRODUCT_NAME = "$(TARGET_NAME)";
				SUPPORTED_PLATFORMS = "iphoneos iphonesimulator";
				SUPPORTS_MACCATALYST = NO;
				SUPPORTS_MAC_DESIGNED_FOR_IPHONE_IPAD = NO;
				SWIFT_EMIT_LOC_STRINGS = YES;
				SWIFT_VERSION = 5.0;
				TARGETED_DEVICE_FAMILY = 1;
			};
			name = Release;
		};
		596614202A86CE29007FA251 /* Debug */ = {
			isa = XCBuildConfiguration;
			buildSettings = {
				ALWAYS_EMBED_SWIFT_STANDARD_LIBRARIES = YES;
				BUNDLE_LOADER = "$(TEST_HOST)";
				CODE_SIGN_STYLE = Automatic;
				CURRENT_PROJECT_VERSION = 1;
				DEVELOPMENT_TEAM = S25TANK5XP;
				GENERATE_INFOPLIST_FILE = YES;
				INFOPLIST_KEY_NSPhotoLibraryUsageDescription = "Veuillez autoriser l'accès à votre Photothèque";
				IPHONEOS_DEPLOYMENT_TARGET = 16.4;
				MARKETING_VERSION = 1.0;
				PRODUCT_BUNDLE_IDENTIFIER = "adpiscinam.OC12-CleanNetworkBoxTests";
				PRODUCT_NAME = "$(TARGET_NAME)";
				SUPPORTED_PLATFORMS = "iphoneos iphonesimulator";
				SUPPORTS_MACCATALYST = NO;
				SUPPORTS_MAC_DESIGNED_FOR_IPHONE_IPAD = NO;
				SWIFT_EMIT_LOC_STRINGS = NO;
				SWIFT_VERSION = 5.0;
				TARGETED_DEVICE_FAMILY = 1;
				TEST_HOST = "$(BUILT_PRODUCTS_DIR)/OC12-CleanNetworkBox.app/$(BUNDLE_EXECUTABLE_FOLDER_PATH)/OC12-CleanNetworkBox";
			};
			name = Debug;
		};
		596614212A86CE29007FA251 /* Release */ = {
			isa = XCBuildConfiguration;
			buildSettings = {
				ALWAYS_EMBED_SWIFT_STANDARD_LIBRARIES = YES;
				BUNDLE_LOADER = "$(TEST_HOST)";
				CODE_SIGN_STYLE = Automatic;
				CURRENT_PROJECT_VERSION = 1;
				DEVELOPMENT_TEAM = S25TANK5XP;
				GENERATE_INFOPLIST_FILE = YES;
				INFOPLIST_KEY_NSPhotoLibraryUsageDescription = "Veuillez autoriser l'accès à votre Photothèque";
				IPHONEOS_DEPLOYMENT_TARGET = 16.4;
				MARKETING_VERSION = 1.0;
				PRODUCT_BUNDLE_IDENTIFIER = "adpiscinam.OC12-CleanNetworkBoxTests";
				PRODUCT_NAME = "$(TARGET_NAME)";
				SUPPORTED_PLATFORMS = "iphoneos iphonesimulator";
				SUPPORTS_MACCATALYST = NO;
				SUPPORTS_MAC_DESIGNED_FOR_IPHONE_IPAD = NO;
				SWIFT_EMIT_LOC_STRINGS = NO;
				SWIFT_VERSION = 5.0;
				TARGETED_DEVICE_FAMILY = 1;
				TEST_HOST = "$(BUILT_PRODUCTS_DIR)/OC12-CleanNetworkBox.app/$(BUNDLE_EXECUTABLE_FOLDER_PATH)/OC12-CleanNetworkBox";
			};
			name = Release;
		};
/* End XCBuildConfiguration section */

/* Begin XCConfigurationList section */
		596613ED2A86CE27007FA251 /* Build configuration list for PBXProject "OC12-CleanNetworkBox" */ = {
			isa = XCConfigurationList;
			buildConfigurations = (
				5966141A2A86CE29007FA251 /* Debug */,
				5966141B2A86CE29007FA251 /* Release */,
			);
			defaultConfigurationIsVisible = 0;
			defaultConfigurationName = Release;
		};
		5966141C2A86CE29007FA251 /* Build configuration list for PBXNativeTarget "OC12-CleanNetworkBox" */ = {
			isa = XCConfigurationList;
			buildConfigurations = (
				5966141D2A86CE29007FA251 /* Debug */,
				5966141E2A86CE29007FA251 /* Release */,
			);
			defaultConfigurationIsVisible = 0;
			defaultConfigurationName = Release;
		};
		5966141F2A86CE29007FA251 /* Build configuration list for PBXNativeTarget "OC12-CleanNetworkBoxTests" */ = {
			isa = XCConfigurationList;
			buildConfigurations = (
				596614202A86CE29007FA251 /* Debug */,
				596614212A86CE29007FA251 /* Release */,
			);
			defaultConfigurationIsVisible = 0;
			defaultConfigurationName = Release;
		};
/* End XCConfigurationList section */
	};
	rootObject = 596613EA2A86CE27007FA251 /* Project object */;
}
